// !$*UTF8*$!
{
	archiveVersion = 1;
	classes = {
	};
	objectVersion = 56;
	objects = {

/* Begin PBXBuildFile section */
		94182F7729DC7BC9003EF446 /* AppDelegate.swift in Sources */ = {isa = PBXBuildFile; fileRef = 94182F7629DC7BC9003EF446 /* AppDelegate.swift */; };
		94182F7929DC7BC9003EF446 /* SceneDelegate.swift in Sources */ = {isa = PBXBuildFile; fileRef = 94182F7829DC7BC9003EF446 /* SceneDelegate.swift */; };
		94182F7B29DC7BC9003EF446 /* ViewController.swift in Sources */ = {isa = PBXBuildFile; fileRef = 94182F7A29DC7BC9003EF446 /* ViewController.swift */; };
		94182F7E29DC7BC9003EF446 /* Main.storyboard in Resources */ = {isa = PBXBuildFile; fileRef = 94182F7C29DC7BC9003EF446 /* Main.storyboard */; };
		94182F8129DC7BC9003EF446 /* UMC_Workbook_Week2.xcdatamodeld in Sources */ = {isa = PBXBuildFile; fileRef = 94182F7F29DC7BC9003EF446 /* UMC_Workbook_Week2.xcdatamodeld */; };
		94182F8329DC7BCA003EF446 /* Assets.xcassets in Resources */ = {isa = PBXBuildFile; fileRef = 94182F8229DC7BCA003EF446 /* Assets.xcassets */; };
		94182F8629DC7BCA003EF446 /* LaunchScreen.storyboard in Resources */ = {isa = PBXBuildFile; fileRef = 94182F8429DC7BCA003EF446 /* LaunchScreen.storyboard */; };
		94182F9129DC7BCA003EF446 /* UMC_Workbook_Week2Tests.swift in Sources */ = {isa = PBXBuildFile; fileRef = 94182F9029DC7BCA003EF446 /* UMC_Workbook_Week2Tests.swift */; };
		94182F9B29DC7BCA003EF446 /* UMC_Workbook_Week2UITests.swift in Sources */ = {isa = PBXBuildFile; fileRef = 94182F9A29DC7BCA003EF446 /* UMC_Workbook_Week2UITests.swift */; };
		94182F9D29DC7BCA003EF446 /* UMC_Workbook_Week2UITestsLaunchTests.swift in Sources */ = {isa = PBXBuildFile; fileRef = 94182F9C29DC7BCA003EF446 /* UMC_Workbook_Week2UITestsLaunchTests.swift */; };
/* End PBXBuildFile section */

/* Begin PBXContainerItemProxy section */
		94182F8D29DC7BCA003EF446 /* PBXContainerItemProxy */ = {
			isa = PBXContainerItemProxy;
			containerPortal = 94182F6B29DC7BC9003EF446 /* Project object */;
			proxyType = 1;
			remoteGlobalIDString = 94182F7229DC7BC9003EF446;
			remoteInfo = UMC_Workbook_Week2;
		};
		94182F9729DC7BCA003EF446 /* PBXContainerItemProxy */ = {
			isa = PBXContainerItemProxy;
			containerPortal = 94182F6B29DC7BC9003EF446 /* Project object */;
			proxyType = 1;
			remoteGlobalIDString = 94182F7229DC7BC9003EF446;
			remoteInfo = UMC_Workbook_Week2;
		};
/* End PBXContainerItemProxy section */

/* Begin PBXFileReference section */
		94182F7329DC7BC9003EF446 /* UMC_Workbook_Week2.app */ = {isa = PBXFileReference; explicitFileType = wrapper.application; includeInIndex = 0; path = UMC_Workbook_Week2.app; sourceTree = BUILT_PRODUCTS_DIR; };
		94182F7629DC7BC9003EF446 /* AppDelegate.swift */ = {isa = PBXFileReference; lastKnownFileType = sourcecode.swift; path = AppDelegate.swift; sourceTree = "<group>"; };
		94182F7829DC7BC9003EF446 /* SceneDelegate.swift */ = {isa = PBXFileReference; lastKnownFileType = sourcecode.swift; path = SceneDelegate.swift; sourceTree = "<group>"; };
		94182F7A29DC7BC9003EF446 /* ViewController.swift */ = {isa = PBXFileReference; lastKnownFileType = sourcecode.swift; path = ViewController.swift; sourceTree = "<group>"; };
		94182F7D29DC7BC9003EF446 /* Base */ = {isa = PBXFileReference; lastKnownFileType = file.storyboard; name = Base; path = Base.lproj/Main.storyboard; sourceTree = "<group>"; };
		94182F8029DC7BC9003EF446 /* UMC_Workbook_Week2.xcdatamodel */ = {isa = PBXFileReference; lastKnownFileType = wrapper.xcdatamodel; path = UMC_Workbook_Week2.xcdatamodel; sourceTree = "<group>"; };
		94182F8229DC7BCA003EF446 /* Assets.xcassets */ = {isa = PBXFileReference; lastKnownFileType = folder.assetcatalog; path = Assets.xcassets; sourceTree = "<group>"; };
		94182F8529DC7BCA003EF446 /* Base */ = {isa = PBXFileReference; lastKnownFileType = file.storyboard; name = Base; path = Base.lproj/LaunchScreen.storyboard; sourceTree = "<group>"; };
		94182F8729DC7BCA003EF446 /* Info.plist */ = {isa = PBXFileReference; lastKnownFileType = text.plist.xml; path = Info.plist; sourceTree = "<group>"; };
		94182F8C29DC7BCA003EF446 /* UMC_Workbook_Week2Tests.xctest */ = {isa = PBXFileReference; explicitFileType = wrapper.cfbundle; includeInIndex = 0; path = UMC_Workbook_Week2Tests.xctest; sourceTree = BUILT_PRODUCTS_DIR; };
		94182F9029DC7BCA003EF446 /* UMC_Workbook_Week2Tests.swift */ = {isa = PBXFileReference; lastKnownFileType = sourcecode.swift; path = UMC_Workbook_Week2Tests.swift; sourceTree = "<group>"; };
		94182F9629DC7BCA003EF446 /* UMC_Workbook_Week2UITests.xctest */ = {isa = PBXFileReference; explicitFileType = wrapper.cfbundle; includeInIndex = 0; path = UMC_Workbook_Week2UITests.xctest; sourceTree = BUILT_PRODUCTS_DIR; };
		94182F9A29DC7BCA003EF446 /* UMC_Workbook_Week2UITests.swift */ = {isa = PBXFileReference; lastKnownFileType = sourcecode.swift; path = UMC_Workbook_Week2UITests.swift; sourceTree = "<group>"; };
		94182F9C29DC7BCA003EF446 /* UMC_Workbook_Week2UITestsLaunchTests.swift */ = {isa = PBXFileReference; lastKnownFileType = sourcecode.swift; path = UMC_Workbook_Week2UITestsLaunchTests.swift; sourceTree = "<group>"; };
/* End PBXFileReference section */

/* Begin PBXFrameworksBuildPhase section */
		94182F7029DC7BC9003EF446 /* Frameworks */ = {
			isa = PBXFrameworksBuildPhase;
			buildActionMask = 2147483647;
			files = (
			);
			runOnlyForDeploymentPostprocessing = 0;
		};
		94182F8929DC7BCA003EF446 /* Frameworks */ = {
			isa = PBXFrameworksBuildPhase;
			buildActionMask = 2147483647;
			files = (
			);
			runOnlyForDeploymentPostprocessing = 0;
		};
		94182F9329DC7BCA003EF446 /* Frameworks */ = {
			isa = PBXFrameworksBuildPhase;
			buildActionMask = 2147483647;
			files = (
			);
			runOnlyForDeploymentPostprocessing = 0;
		};
/* End PBXFrameworksBuildPhase section */

/* Begin PBXGroup section */
		94182F6A29DC7BC9003EF446 = {
			isa = PBXGroup;
			children = (
				94182F7529DC7BC9003EF446 /* UMC_Workbook_Week2 */,
				94182F8F29DC7BCA003EF446 /* UMC_Workbook_Week2Tests */,
				94182F9929DC7BCA003EF446 /* UMC_Workbook_Week2UITests */,
				94182F7429DC7BC9003EF446 /* Products */,
			);
			sourceTree = "<group>";
		};
		94182F7429DC7BC9003EF446 /* Products */ = {
			isa = PBXGroup;
			children = (
				94182F7329DC7BC9003EF446 /* UMC_Workbook_Week2.app */,
				94182F8C29DC7BCA003EF446 /* UMC_Workbook_Week2Tests.xctest */,
				94182F9629DC7BCA003EF446 /* UMC_Workbook_Week2UITests.xctest */,
			);
			name = Products;
			sourceTree = "<group>";
		};
		94182F7529DC7BC9003EF446 /* UMC_Workbook_Week2 */ = {
			isa = PBXGroup;
			children = (
				94182F7629DC7BC9003EF446 /* AppDelegate.swift */,
				94182F7829DC7BC9003EF446 /* SceneDelegate.swift */,
				94182F7A29DC7BC9003EF446 /* ViewController.swift */,
				94182F7C29DC7BC9003EF446 /* Main.storyboard */,
				94182F8229DC7BCA003EF446 /* Assets.xcassets */,
				94182F8429DC7BCA003EF446 /* LaunchScreen.storyboard */,
				94182F8729DC7BCA003EF446 /* Info.plist */,
				94182F7F29DC7BC9003EF446 /* UMC_Workbook_Week2.xcdatamodeld */,
			);
			path = UMC_Workbook_Week2;
			sourceTree = "<group>";
		};
		94182F8F29DC7BCA003EF446 /* UMC_Workbook_Week2Tests */ = {
			isa = PBXGroup;
			children = (
				94182F9029DC7BCA003EF446 /* UMC_Workbook_Week2Tests.swift */,
			);
			path = UMC_Workbook_Week2Tests;
			sourceTree = "<group>";
		};
		94182F9929DC7BCA003EF446 /* UMC_Workbook_Week2UITests */ = {
			isa = PBXGroup;
			children = (
				94182F9A29DC7BCA003EF446 /* UMC_Workbook_Week2UITests.swift */,
				94182F9C29DC7BCA003EF446 /* UMC_Workbook_Week2UITestsLaunchTests.swift */,
			);
			path = UMC_Workbook_Week2UITests;
			sourceTree = "<group>";
		};
/* End PBXGroup section */

/* Begin PBXNativeTarget section */
		94182F7229DC7BC9003EF446 /* UMC_Workbook_Week2 */ = {
			isa = PBXNativeTarget;
			buildConfigurationList = 94182FA029DC7BCA003EF446 /* Build configuration list for PBXNativeTarget "UMC_Workbook_Week2" */;
			buildPhases = (
				94182F6F29DC7BC9003EF446 /* Sources */,
				94182F7029DC7BC9003EF446 /* Frameworks */,
				94182F7129DC7BC9003EF446 /* Resources */,
			);
			buildRules = (
			);
			dependencies = (
			);
			name = UMC_Workbook_Week2;
			productName = UMC_Workbook_Week2;
			productReference = 94182F7329DC7BC9003EF446 /* UMC_Workbook_Week2.app */;
			productType = "com.apple.product-type.application";
		};
		94182F8B29DC7BCA003EF446 /* UMC_Workbook_Week2Tests */ = {
			isa = PBXNativeTarget;
			buildConfigurationList = 94182FA329DC7BCA003EF446 /* Build configuration list for PBXNativeTarget "UMC_Workbook_Week2Tests" */;
			buildPhases = (
				94182F8829DC7BCA003EF446 /* Sources */,
				94182F8929DC7BCA003EF446 /* Frameworks */,
				94182F8A29DC7BCA003EF446 /* Resources */,
			);
			buildRules = (
			);
			dependencies = (
				94182F8E29DC7BCA003EF446 /* PBXTargetDependency */,
			);
			name = UMC_Workbook_Week2Tests;
			productName = UMC_Workbook_Week2Tests;
			productReference = 94182F8C29DC7BCA003EF446 /* UMC_Workbook_Week2Tests.xctest */;
			productType = "com.apple.product-type.bundle.unit-test";
		};
		94182F9529DC7BCA003EF446 /* UMC_Workbook_Week2UITests */ = {
			isa = PBXNativeTarget;
			buildConfigurationList = 94182FA629DC7BCA003EF446 /* Build configuration list for PBXNativeTarget "UMC_Workbook_Week2UITests" */;
			buildPhases = (
				94182F9229DC7BCA003EF446 /* Sources */,
				94182F9329DC7BCA003EF446 /* Frameworks */,
				94182F9429DC7BCA003EF446 /* Resources */,
			);
			buildRules = (
			);
			dependencies = (
				94182F9829DC7BCA003EF446 /* PBXTargetDependency */,
			);
			name = UMC_Workbook_Week2UITests;
			productName = UMC_Workbook_Week2UITests;
			productReference = 94182F9629DC7BCA003EF446 /* UMC_Workbook_Week2UITests.xctest */;
			productType = "com.apple.product-type.bundle.ui-testing";
		};
/* End PBXNativeTarget section */

/* Begin PBXProject section */
		94182F6B29DC7BC9003EF446 /* Project object */ = {
			isa = PBXProject;
			attributes = {
				BuildIndependentTargetsInParallel = 1;
				LastSwiftUpdateCheck = 1430;
				LastUpgradeCheck = 1430;
				TargetAttributes = {
					94182F7229DC7BC9003EF446 = {
						CreatedOnToolsVersion = 14.3;
					};
					94182F8B29DC7BCA003EF446 = {
						CreatedOnToolsVersion = 14.3;
						TestTargetID = 94182F7229DC7BC9003EF446;
					};
					94182F9529DC7BCA003EF446 = {
						CreatedOnToolsVersion = 14.3;
						TestTargetID = 94182F7229DC7BC9003EF446;
					};
				};
			};
			buildConfigurationList = 94182F6E29DC7BC9003EF446 /* Build configuration list for PBXProject "UMC_Workbook_Week2" */;
			compatibilityVersion = "Xcode 14.0";
			developmentRegion = en;
			hasScannedForEncodings = 0;
			knownRegions = (
				en,
				Base,
			);
			mainGroup = 94182F6A29DC7BC9003EF446;
			productRefGroup = 94182F7429DC7BC9003EF446 /* Products */;
			projectDirPath = "";
			projectRoot = "";
			targets = (
				94182F7229DC7BC9003EF446 /* UMC_Workbook_Week2 */,
				94182F8B29DC7BCA003EF446 /* UMC_Workbook_Week2Tests */,
				94182F9529DC7BCA003EF446 /* UMC_Workbook_Week2UITests */,
			);
		};
/* End PBXProject section */

/* Begin PBXResourcesBuildPhase section */
		94182F7129DC7BC9003EF446 /* Resources */ = {
			isa = PBXResourcesBuildPhase;
			buildActionMask = 2147483647;
			files = (
				94182F8629DC7BCA003EF446 /* LaunchScreen.storyboard in Resources */,
				94182F8329DC7BCA003EF446 /* Assets.xcassets in Resources */,
				94182F7E29DC7BC9003EF446 /* Main.storyboard in Resources */,
			);
			runOnlyForDeploymentPostprocessing = 0;
		};
		94182F8A29DC7BCA003EF446 /* Resources */ = {
			isa = PBXResourcesBuildPhase;
			buildActionMask = 2147483647;
			files = (
			);
			runOnlyForDeploymentPostprocessing = 0;
		};
		94182F9429DC7BCA003EF446 /* Resources */ = {
			isa = PBXResourcesBuildPhase;
			buildActionMask = 2147483647;
			files = (
			);
			runOnlyForDeploymentPostprocessing = 0;
		};
/* End PBXResourcesBuildPhase section */

/* Begin PBXSourcesBuildPhase section */
		94182F6F29DC7BC9003EF446 /* Sources */ = {
			isa = PBXSourcesBuildPhase;
			buildActionMask = 2147483647;
			files = (
				94182F7B29DC7BC9003EF446 /* ViewController.swift in Sources */,
				94182F7729DC7BC9003EF446 /* AppDelegate.swift in Sources */,
				94182F8129DC7BC9003EF446 /* UMC_Workbook_Week2.xcdatamodeld in Sources */,
				94182F7929DC7BC9003EF446 /* SceneDelegate.swift in Sources */,
			);
			runOnlyForDeploymentPostprocessing = 0;
		};
		94182F8829DC7BCA003EF446 /* Sources */ = {
			isa = PBXSourcesBuildPhase;
			buildActionMask = 2147483647;
			files = (
				94182F9129DC7BCA003EF446 /* UMC_Workbook_Week2Tests.swift in Sources */,
			);
			runOnlyForDeploymentPostprocessing = 0;
		};
		94182F9229DC7BCA003EF446 /* Sources */ = {
			isa = PBXSourcesBuildPhase;
			buildActionMask = 2147483647;
			files = (
				94182F9B29DC7BCA003EF446 /* UMC_Workbook_Week2UITests.swift in Sources */,
				94182F9D29DC7BCA003EF446 /* UMC_Workbook_Week2UITestsLaunchTests.swift in Sources */,
			);
			runOnlyForDeploymentPostprocessing = 0;
		};
/* End PBXSourcesBuildPhase section */

/* Begin PBXTargetDependency section */
		94182F8E29DC7BCA003EF446 /* PBXTargetDependency */ = {
			isa = PBXTargetDependency;
			target = 94182F7229DC7BC9003EF446 /* UMC_Workbook_Week2 */;
			targetProxy = 94182F8D29DC7BCA003EF446 /* PBXContainerItemProxy */;
		};
		94182F9829DC7BCA003EF446 /* PBXTargetDependency */ = {
			isa = PBXTargetDependency;
			target = 94182F7229DC7BC9003EF446 /* UMC_Workbook_Week2 */;
			targetProxy = 94182F9729DC7BCA003EF446 /* PBXContainerItemProxy */;
		};
/* End PBXTargetDependency section */

/* Begin PBXVariantGroup section */
		94182F7C29DC7BC9003EF446 /* Main.storyboard */ = {
			isa = PBXVariantGroup;
			children = (
				94182F7D29DC7BC9003EF446 /* Base */,
			);
			name = Main.storyboard;
			sourceTree = "<group>";
		};
		94182F8429DC7BCA003EF446 /* LaunchScreen.storyboard */ = {
			isa = PBXVariantGroup;
			children = (
				94182F8529DC7BCA003EF446 /* Base */,
			);
			name = LaunchScreen.storyboard;
			sourceTree = "<group>";
		};
/* End PBXVariantGroup section */

/* Begin XCBuildConfiguration section */
		94182F9E29DC7BCA003EF446 /* Debug */ = {
			isa = XCBuildConfiguration;
			buildSettings = {
				ALWAYS_SEARCH_USER_PATHS = NO;
				CLANG_ANALYZER_NONNULL = YES;
				CLANG_ANALYZER_NUMBER_OBJECT_CONVERSION = YES_AGGRESSIVE;
				CLANG_CXX_LANGUAGE_STANDARD = "gnu++20";
				CLANG_ENABLE_MODULES = YES;
				CLANG_ENABLE_OBJC_ARC = YES;
				CLANG_ENABLE_OBJC_WEAK = YES;
				CLANG_WARN_BLOCK_CAPTURE_AUTORELEASING = YES;
				CLANG_WARN_BOOL_CONVERSION = YES;
				CLANG_WARN_COMMA = YES;
				CLANG_WARN_CONSTANT_CONVERSION = YES;
				CLANG_WARN_DEPRECATED_OBJC_IMPLEMENTATIONS = YES;
				CLANG_WARN_DIRECT_OBJC_ISA_USAGE = YES_ERROR;
				CLANG_WARN_DOCUMENTATION_COMMENTS = YES;
				CLANG_WARN_EMPTY_BODY = YES;
				CLANG_WARN_ENUM_CONVERSION = YES;
				CLANG_WARN_INFINITE_RECURSION = YES;
				CLANG_WARN_INT_CONVERSION = YES;
				CLANG_WARN_NON_LITERAL_NULL_CONVERSION = YES;
				CLANG_WARN_OBJC_IMPLICIT_RETAIN_SELF = YES;
				CLANG_WARN_OBJC_LITERAL_CONVERSION = YES;
				CLANG_WARN_OBJC_ROOT_CLASS = YES_ERROR;
				CLANG_WARN_QUOTED_INCLUDE_IN_FRAMEWORK_HEADER = YES;
				CLANG_WARN_RANGE_LOOP_ANALYSIS = YES;
				CLANG_WARN_STRICT_PROTOTYPES = YES;
				CLANG_WARN_SUSPICIOUS_MOVE = YES;
				CLANG_WARN_UNGUARDED_AVAILABILITY = YES_AGGRESSIVE;
				CLANG_WARN_UNREACHABLE_CODE = YES;
				CLANG_WARN__DUPLICATE_METHOD_MATCH = YES;
				COPY_PHASE_STRIP = NO;
				DEBUG_INFORMATION_FORMAT = dwarf;
				ENABLE_STRICT_OBJC_MSGSEND = YES;
				ENABLE_TESTABILITY = YES;
				GCC_C_LANGUAGE_STANDARD = gnu11;
				GCC_DYNAMIC_NO_PIC = NO;
				GCC_NO_COMMON_BLOCKS = YES;
				GCC_OPTIMIZATION_LEVEL = 0;
				GCC_PREPROCESSOR_DEFINITIONS = (
					"DEBUG=1",
					"$(inherited)",
				);
				GCC_WARN_64_TO_32_BIT_CONVERSION = YES;
				GCC_WARN_ABOUT_RETURN_TYPE = YES_ERROR;
				GCC_WARN_UNDECLARED_SELECTOR = YES;
				GCC_WARN_UNINITIALIZED_AUTOS = YES_AGGRESSIVE;
				GCC_WARN_UNUSED_FUNCTION = YES;
				GCC_WARN_UNUSED_VARIABLE = YES;
				IPHONEOS_DEPLOYMENT_TARGET = 16.4;
				MTL_ENABLE_DEBUG_INFO = INCLUDE_SOURCE;
				MTL_FAST_MATH = YES;
				ONLY_ACTIVE_ARCH = YES;
				SDKROOT = iphoneos;
				SWIFT_ACTIVE_COMPILATION_CONDITIONS = DEBUG;
				SWIFT_OPTIMIZATION_LEVEL = "-Onone";
			};
			name = Debug;
		};
		94182F9F29DC7BCA003EF446 /* Release */ = {
			isa = XCBuildConfiguration;
			buildSettings = {
				ALWAYS_SEARCH_USER_PATHS = NO;
				CLANG_ANALYZER_NONNULL = YES;
				CLANG_ANALYZER_NUMBER_OBJECT_CONVERSION = YES_AGGRESSIVE;
				CLANG_CXX_LANGUAGE_STANDARD = "gnu++20";
				CLANG_ENABLE_MODULES = YES;
				CLANG_ENABLE_OBJC_ARC = YES;
				CLANG_ENABLE_OBJC_WEAK = YES;
				CLANG_WARN_BLOCK_CAPTURE_AUTORELEASING = YES;
				CLANG_WARN_BOOL_CONVERSION = YES;
				CLANG_WARN_COMMA = YES;
				CLANG_WARN_CONSTANT_CONVERSION = YES;
				CLANG_WARN_DEPRECATED_OBJC_IMPLEMENTATIONS = YES;
				CLANG_WARN_DIRECT_OBJC_ISA_USAGE = YES_ERROR;
				CLANG_WARN_DOCUMENTATION_COMMENTS = YES;
				CLANG_WARN_EMPTY_BODY = YES;
				CLANG_WARN_ENUM_CONVERSION = YES;
				CLANG_WARN_INFINITE_RECURSION = YES;
				CLANG_WARN_INT_CONVERSION = YES;
				CLANG_WARN_NON_LITERAL_NULL_CONVERSION = YES;
				CLANG_WARN_OBJC_IMPLICIT_RETAIN_SELF = YES;
				CLANG_WARN_OBJC_LITERAL_CONVERSION = YES;
				CLANG_WARN_OBJC_ROOT_CLASS = YES_ERROR;
				CLANG_WARN_QUOTED_INCLUDE_IN_FRAMEWORK_HEADER = YES;
				CLANG_WARN_RANGE_LOOP_ANALYSIS = YES;
				CLANG_WARN_STRICT_PROTOTYPES = YES;
				CLANG_WARN_SUSPICIOUS_MOVE = YES;
				CLANG_WARN_UNGUARDED_AVAILABILITY = YES_AGGRESSIVE;
				CLANG_WARN_UNREACHABLE_CODE = YES;
				CLANG_WARN__DUPLICATE_METHOD_MATCH = YES;
				COPY_PHASE_STRIP = NO;
				DEBUG_INFORMATION_FORMAT = "dwarf-with-dsym";
				ENABLE_NS_ASSERTIONS = NO;
				ENABLE_STRICT_OBJC_MSGSEND = YES;
				GCC_C_LANGUAGE_STANDARD = gnu11;
				GCC_NO_COMMON_BLOCKS = YES;
				GCC_WARN_64_TO_32_BIT_CONVERSION = YES;
				GCC_WARN_ABOUT_RETURN_TYPE = YES_ERROR;
				GCC_WARN_UNDECLARED_SELECTOR = YES;
				GCC_WARN_UNINITIALIZED_AUTOS = YES_AGGRESSIVE;
				GCC_WARN_UNUSED_FUNCTION = YES;
				GCC_WARN_UNUSED_VARIABLE = YES;
				IPHONEOS_DEPLOYMENT_TARGET = 16.4;
				MTL_ENABLE_DEBUG_INFO = NO;
				MTL_FAST_MATH = YES;
				SDKROOT = iphoneos;
				SWIFT_COMPILATION_MODE = wholemodule;
				SWIFT_OPTIMIZATION_LEVEL = "-O";
				VALIDATE_PRODUCT = YES;
			};
			name = Release;
		};
		94182FA129DC7BCA003EF446 /* Debug */ = {
			isa = XCBuildConfiguration;
			buildSettings = {
				ASSETCATALOG_COMPILER_APPICON_NAME = AppIcon;
				ASSETCATALOG_COMPILER_GLOBAL_ACCENT_COLOR_NAME = AccentColor;
				CODE_SIGN_STYLE = Automatic;
				CURRENT_PROJECT_VERSION = 1;
				GENERATE_INFOPLIST_FILE = YES;
				INFOPLIST_FILE = UMC_Workbook_Week2/Info.plist;
				INFOPLIST_KEY_UIApplicationSupportsIndirectInputEvents = YES;
				INFOPLIST_KEY_UILaunchStoryboardName = LaunchScreen;
				INFOPLIST_KEY_UIMainStoryboardFile = Main;
				INFOPLIST_KEY_UISupportedInterfaceOrientations_iPad = "UIInterfaceOrientationPortrait UIInterfaceOrientationPortraitUpsideDown UIInterfaceOrientationLandscapeLeft UIInterfaceOrientationLandscapeRight";
				INFOPLIST_KEY_UISupportedInterfaceOrientations_iPhone = "UIInterfaceOrientationPortrait UIInterfaceOrientationLandscapeLeft UIInterfaceOrientationLandscapeRight";
				LD_RUNPATH_SEARCH_PATHS = (
					"$(inherited)",
					"@executable_path/Frameworks",
				);
				MARKETING_VERSION = 1.0;
				PRODUCT_BUNDLE_IDENTIFIER = "jm.UMC-Workbook-Week2";
				PRODUCT_NAME = "$(TARGET_NAME)";
				SWIFT_EMIT_LOC_STRINGS = YES;
				SWIFT_VERSION = 5.0;
				TARGETED_DEVICE_FAMILY = "1,2";
			};
			name = Debug;
		};
		94182FA229DC7BCA003EF446 /* Release */ = {
			isa = XCBuildConfiguration;
			buildSettings = {
				ASSETCATALOG_COMPILER_APPICON_NAME = AppIcon;
				ASSETCATALOG_COMPILER_GLOBAL_ACCENT_COLOR_NAME = AccentColor;
				CODE_SIGN_STYLE = Automatic;
				CURRENT_PROJECT_VERSION = 1;
				GENERATE_INFOPLIST_FILE = YES;
				INFOPLIST_FILE = UMC_Workbook_Week2/Info.plist;
				INFOPLIST_KEY_UIApplicationSupportsIndirectInputEvents = YES;
				INFOPLIST_KEY_UILaunchStoryboardName = LaunchScreen;
				INFOPLIST_KEY_UIMainStoryboardFile = Main;
				INFOPLIST_KEY_UISupportedInterfaceOrientations_iPad = "UIInterfaceOrientationPortrait UIInterfaceOrientationPortraitUpsideDown UIInterfaceOrientationLandscapeLeft UIInterfaceOrientationLandscapeRight";
				INFOPLIST_KEY_UISupportedInterfaceOrientations_iPhone = "UIInterfaceOrientationPortrait UIInterfaceOrientationLandscapeLeft UIInterfaceOrientationLandscapeRight";
				LD_RUNPATH_SEARCH_PATHS = (
					"$(inherited)",
					"@executable_path/Frameworks",
				);
				MARKETING_VERSION = 1.0;
				PRODUCT_BUNDLE_IDENTIFIER = "jm.UMC-Workbook-Week2";
				PRODUCT_NAME = "$(TARGET_NAME)";
				SWIFT_EMIT_LOC_STRINGS = YES;
				SWIFT_VERSION = 5.0;
				TARGETED_DEVICE_FAMILY = "1,2";
			};
			name = Release;
		};
		94182FA429DC7BCA003EF446 /* Debug */ = {
			isa = XCBuildConfiguration;
			buildSettings = {
				ALWAYS_EMBED_SWIFT_STANDARD_LIBRARIES = YES;
				BUNDLE_LOADER = "$(TEST_HOST)";
				CODE_SIGN_STYLE = Automatic;
				CURRENT_PROJECT_VERSION = 1;
				GENERATE_INFOPLIST_FILE = YES;
				IPHONEOS_DEPLOYMENT_TARGET = 16.4;
				MARKETING_VERSION = 1.0;
				PRODUCT_BUNDLE_IDENTIFIER = "jm.UMC-Workbook-Week2Tests";
				PRODUCT_NAME = "$(TARGET_NAME)";
				SWIFT_EMIT_LOC_STRINGS = NO;
				SWIFT_VERSION = 5.0;
				TARGETED_DEVICE_FAMILY = "1,2";
				TEST_HOST = "$(BUILT_PRODUCTS_DIR)/UMC_Workbook_Week2.app/$(BUNDLE_EXECUTABLE_FOLDER_PATH)/UMC_Workbook_Week2";
			};
			name = Debug;
		};
		94182FA529DC7BCA003EF446 /* Release */ = {
			isa = XCBuildConfiguration;
			buildSettings = {
				ALWAYS_EMBED_SWIFT_STANDARD_LIBRARIES = YES;
				BUNDLE_LOADER = "$(TEST_HOST)";
				CODE_SIGN_STYLE = Automatic;
				CURRENT_PROJECT_VERSION = 1;
				GENERATE_INFOPLIST_FILE = YES;
				IPHONEOS_DEPLOYMENT_TARGET = 16.4;
				MARKETING_VERSION = 1.0;
				PRODUCT_BUNDLE_IDENTIFIER = "jm.UMC-Workbook-Week2Tests";
				PRODUCT_NAME = "$(TARGET_NAME)";
				SWIFT_EMIT_LOC_STRINGS = NO;
				SWIFT_VERSION = 5.0;
				TARGETED_DEVICE_FAMILY = "1,2";
				TEST_HOST = "$(BUILT_PRODUCTS_DIR)/UMC_Workbook_Week2.app/$(BUNDLE_EXECUTABLE_FOLDER_PATH)/UMC_Workbook_Week2";
			};
			name = Release;
		};
		94182FA729DC7BCA003EF446 /* Debug */ = {
			isa = XCBuildConfiguration;
			buildSettings = {
				ALWAYS_EMBED_SWIFT_STANDARD_LIBRARIES = YES;
				CODE_SIGN_STYLE = Automatic;
				CURRENT_PROJECT_VERSION = 1;
				GENERATE_INFOPLIST_FILE = YES;
				MARKETING_VERSION = 1.0;
				PRODUCT_BUNDLE_IDENTIFIER = "jm.UMC-Workbook-Week2UITests";
				PRODUCT_NAME = "$(TARGET_NAME)";
				SWIFT_EMIT_LOC_STRINGS = NO;
				SWIFT_VERSION = 5.0;
				TARGETED_DEVICE_FAMILY = "1,2";
				TEST_TARGET_NAME = UMC_Workbook_Week2;
			};
			name = Debug;
		};
		94182FA829DC7BCA003EF446 /* Release */ = {
			isa = XCBuildConfiguration;
			buildSettings = {
				ALWAYS_EMBED_SWIFT_STANDARD_LIBRARIES = YES;
				CODE_SIGN_STYLE = Automatic;
				CURRENT_PROJECT_VERSION = 1;
				GENERATE_INFOPLIST_FILE = YES;
				MARKETING_VERSION = 1.0;
				PRODUCT_BUNDLE_IDENTIFIER = "jm.UMC-Workbook-Week2UITests";
				PRODUCT_NAME = "$(TARGET_NAME)";
				SWIFT_EMIT_LOC_STRINGS = NO;
				SWIFT_VERSION = 5.0;
				TARGETED_DEVICE_FAMILY = "1,2";
				TEST_TARGET_NAME = UMC_Workbook_Week2;
			};
			name = Release;
		};
/* End XCBuildConfiguration section */

/* Begin XCConfigurationList section */
		94182F6E29DC7BC9003EF446 /* Build configuration list for PBXProject "UMC_Workbook_Week2" */ = {
			isa = XCConfigurationList;
			buildConfigurations = (
				94182F9E29DC7BCA003EF446 /* Debug */,
				94182F9F29DC7BCA003EF446 /* Release */,
			);
			defaultConfigurationIsVisible = 0;
			defaultConfigurationName = Release;
		};
		94182FA029DC7BCA003EF446 /* Build configuration list for PBXNativeTarget "UMC_Workbook_Week2" */ = {
			isa = XCConfigurationList;
			buildConfigurations = (
				94182FA129DC7BCA003EF446 /* Debug */,
				94182FA229DC7BCA003EF446 /* Release */,
			);
			defaultConfigurationIsVisible = 0;
			defaultConfigurationName = Release;
		};
		94182FA329DC7BCA003EF446 /* Build configuration list for PBXNativeTarget "UMC_Workbook_Week2Tests" */ = {
			isa = XCConfigurationList;
			buildConfigurations = (
				94182FA429DC7BCA003EF446 /* Debug */,
				94182FA529DC7BCA003EF446 /* Release */,
			);
			defaultConfigurationIsVisible = 0;
			defaultConfigurationName = Release;
		};
		94182FA629DC7BCA003EF446 /* Build configuration list for PBXNativeTarget "UMC_Workbook_Week2UITests" */ = {
			isa = XCConfigurationList;
			buildConfigurations = (
				94182FA729DC7BCA003EF446 /* Debug */,
				94182FA829DC7BCA003EF446 /* Release */,
			);
			defaultConfigurationIsVisible = 0;
			defaultConfigurationName = Release;
		};
/* End XCConfigurationList section */

/* Begin XCVersionGroup section */
		94182F7F29DC7BC9003EF446 /* UMC_Workbook_Week2.xcdatamodeld */ = {
			isa = XCVersionGroup;
			children = (
				94182F8029DC7BC9003EF446 /* UMC_Workbook_Week2.xcdatamodel */,
			);
			currentVersion = 94182F8029DC7BC9003EF446 /* UMC_Workbook_Week2.xcdatamodel */;
			path = UMC_Workbook_Week2.xcdatamodeld;
			sourceTree = "<group>";
			versionGroupType = wrapper.xcdatamodel;
		};
/* End XCVersionGroup section */
	};
	rootObject = 94182F6B29DC7BC9003EF446 /* Project object */;
}
